
Microsoft Visual Studio Solution File, Format Version 12.00
# Visual Studio Version 17
VisualStudioVersion = 17.14.36518.9
MinimumVisualStudioVersion = 10.0.40219.1
Project("{FAE04EC0-301F-11D3-BF4B-00C04F79EFBC}") = "BeneficialOwnerSafa", "BeneficialOwnerSafa\BeneficialOwnerSafa.csproj", "{C9533C66-E2C8-40E7-9315-FB5D6EC545DF}"
EndProject
Global
	GlobalSection(SolutionConfigurationPlatforms) = preSolution
		Debug|Any CPU = Debug|Any CPU
		Release|Any CPU = Release|Any CPU
	EndGlobalSection
	GlobalSection(ProjectConfigurationPlatforms) = postSolution
		{C9533C66-E2C8-40E7-9315-FB5D6EC545DF}.Debug|Any CPU.ActiveCfg = Debug|Any CPU
		{C9533C66-E2C8-40E7-9315-FB5D6EC545DF}.Debug|Any CPU.Build.0 = Debug|Any CPU
		{C9533C66-E2C8-40E7-9315-FB5D6EC545DF}.Release|Any CPU.ActiveCfg = Release|Any CPU
		{C9533C66-E2C8-40E7-9315-FB5D6EC545DF}.Release|Any CPU.Build.0 = Release|Any CPU
	EndGlobalSection
	GlobalSection(SolutionProperties) = preSolution
		HideSolutionNode = FALSE
	EndGlobalSection
	GlobalSection(ExtensibilityGlobals) = postSolution
		SolutionGuid = {B1A27D3C-EA53-437A-87D0-699C28EBC867}
	EndGlobalSection
EndGlobal
